
Microsoft Visual Studio Solution File, Format Version 12.00
Project("{FAE04EC0-301F-11D3-BF4B-00C04F79EFBC}") = "kli.AoC2022", "kli.AoC2022\kli.AoC2022.csproj", "{82D249CA-2B47-4E1D-B1D7-3BB4AA0873D0}"
EndProject
Project("{2150E333-8FDC-42A3-9474-1A3956D46DE8}") = "common", "common", "{335E3F6E-B23B-4444-8031-B96F94FE329B}"
	ProjectSection(SolutionItems) = preProject
		.editorconfig = .editorconfig
		.gitignore = .gitignore
	EndProjectSection
EndProject
Global
	GlobalSection(SolutionConfigurationPlatforms) = preSolution
		Debug|Any CPU = Debug|Any CPU
		Release|Any CPU = Release|Any CPU
	EndGlobalSection
	GlobalSection(ProjectConfigurationPlatforms) = postSolution
		{82D249CA-2B47-4E1D-B1D7-3BB4AA0873D0}.Debug|Any CPU.ActiveCfg = Debug|Any CPU
		{82D249CA-2B47-4E1D-B1D7-3BB4AA0873D0}.Debug|Any CPU.Build.0 = Debug|Any CPU
		{82D249CA-2B47-4E1D-B1D7-3BB4AA0873D0}.Release|Any CPU.ActiveCfg = Release|Any CPU
		{82D249CA-2B47-4E1D-B1D7-3BB4AA0873D0}.Release|Any CPU.Build.0 = Release|Any CPU
	EndGlobalSection
EndGlobal
